
Microsoft Visual Studio Solution File, Format Version 12.00
# Visual Studio Version 16
VisualStudioVersion = 16.0.30114.105
MinimumVisualStudioVersion = 10.0.40219.1
Project("{FAE04EC0-301F-11D3-BF4B-00C04F79EFBC}") = "JsonSchemaValidationCompressor.Net", "JsonSchemaValidationCompressor.Net\JsonSchemaValidationCompressor.Net.csproj", "{C75AD78F-E139-41EA-8B81-B483D1CDC457}"
EndProject
Global
	GlobalSection(SolutionConfigurationPlatforms) = preSolution
		Debug|Any CPU = Debug|Any CPU
		Release|Any CPU = Release|Any CPU
	EndGlobalSection
	GlobalSection(ProjectConfigurationPlatforms) = postSolution
		{C75AD78F-E139-41EA-8B81-B483D1CDC457}.Debug|Any CPU.ActiveCfg = Debug|Any CPU
		{C75AD78F-E139-41EA-8B81-B483D1CDC457}.Debug|Any CPU.Build.0 = Debug|Any CPU
		{C75AD78F-E139-41EA-8B81-B483D1CDC457}.Release|Any CPU.ActiveCfg = Release|Any CPU
		{C75AD78F-E139-41EA-8B81-B483D1CDC457}.Release|Any CPU.Build.0 = Release|Any CPU
	EndGlobalSection
	GlobalSection(SolutionProperties) = preSolution
		HideSolutionNode = FALSE
	EndGlobalSection
	GlobalSection(ExtensibilityGlobals) = postSolution
		SolutionGuid = {C74A2751-C554-4618-B504-64446F9B1A4E}
	EndGlobalSection
EndGlobal
